
Microsoft Visual Studio Solution File, Format Version 12.00
# Visual Studio Version 17
VisualStudioVersion = 17.7.34031.279
MinimumVisualStudioVersion = 10.0.40219.1
Project("{FAE04EC0-301F-11D3-BF4B-00C04F79EFBC}") = "GUI", "CallAPI\GUI.csproj", "{61CC70C7-774D-4632-9FC1-CFDC452D038C}"
EndProject
Project("{FAE04EC0-301F-11D3-BF4B-00C04F79EFBC}") = "BLL", "BLL\BLL.csproj", "{6B69BF3D-632A-4166-A8C8-F0F1EAA72E5B}"
EndProject
Project("{FAE04EC0-301F-11D3-BF4B-00C04F79EFBC}") = "DAL", "DAL\DAL.csproj", "{10B9A612-CC52-4698-8DC4-FF3CDB850FD7}"
EndProject
Project("{FAE04EC0-301F-11D3-BF4B-00C04F79EFBC}") = "DTO", "DTO\DTO.csproj", "{C694D6A3-F878-4C62-BD87-C2F26EC637F3}"
EndProject
Global
	GlobalSection(SolutionConfigurationPlatforms) = preSolution
		Debug|Any CPU = Debug|Any CPU
		Release|Any CPU = Release|Any CPU
	EndGlobalSection
	GlobalSection(ProjectConfigurationPlatforms) = postSolution
		{61CC70C7-774D-4632-9FC1-CFDC452D038C}.Debug|Any CPU.ActiveCfg = Debug|Any CPU
		{61CC70C7-774D-4632-9FC1-CFDC452D038C}.Debug|Any CPU.Build.0 = Debug|Any CPU
		{61CC70C7-774D-4632-9FC1-CFDC452D038C}.Release|Any CPU.ActiveCfg = Release|Any CPU
		{61CC70C7-774D-4632-9FC1-CFDC452D038C}.Release|Any CPU.Build.0 = Release|Any CPU
		{6B69BF3D-632A-4166-A8C8-F0F1EAA72E5B}.Debug|Any CPU.ActiveCfg = Debug|Any CPU
		{6B69BF3D-632A-4166-A8C8-F0F1EAA72E5B}.Debug|Any CPU.Build.0 = Debug|Any CPU
		{6B69BF3D-632A-4166-A8C8-F0F1EAA72E5B}.Release|Any CPU.ActiveCfg = Release|Any CPU
		{6B69BF3D-632A-4166-A8C8-F0F1EAA72E5B}.Release|Any CPU.Build.0 = Release|Any CPU
		{10B9A612-CC52-4698-8DC4-FF3CDB850FD7}.Debug|Any CPU.ActiveCfg = Debug|Any CPU
		{10B9A612-CC52-4698-8DC4-FF3CDB850FD7}.Debug|Any CPU.Build.0 = Debug|Any CPU
		{10B9A612-CC52-4698-8DC4-FF3CDB850FD7}.Release|Any CPU.ActiveCfg = Release|Any CPU
		{10B9A612-CC52-4698-8DC4-FF3CDB850FD7}.Release|Any CPU.Build.0 = Release|Any CPU
		{C694D6A3-F878-4C62-BD87-C2F26EC637F3}.Debug|Any CPU.ActiveCfg = Debug|Any CPU
		{C694D6A3-F878-4C62-BD87-C2F26EC637F3}.Debug|Any CPU.Build.0 = Debug|Any CPU
		{C694D6A3-F878-4C62-BD87-C2F26EC637F3}.Release|Any CPU.ActiveCfg = Release|Any CPU
		{C694D6A3-F878-4C62-BD87-C2F26EC637F3}.Release|Any CPU.Build.0 = Release|Any CPU
	EndGlobalSection
	GlobalSection(SolutionProperties) = preSolution
		HideSolutionNode = FALSE
	EndGlobalSection
	GlobalSection(ExtensibilityGlobals) = postSolution
		SolutionGuid = {068D1621-C36E-4099-829C-C038950DA980}
	EndGlobalSection
EndGlobal
