
Microsoft Visual Studio Solution File, Format Version 12.00
# Visual Studio Version 17
VisualStudioVersion = 17.7.34031.279
MinimumVisualStudioVersion = 10.0.40219.1
Project("{9A19103F-16F7-4668-BE54-9A1E7A4F7556}") = "ProjectEF", "ProjectEF\ProjectEF.csproj", "{A06AC6CE-CBFA-4A5F-A575-10FB640AE21B}"
EndProject
Project("{9A19103F-16F7-4668-BE54-9A1E7A4F7556}") = "GUI", "WinFormsApp\GUI.csproj", "{1BA374C1-6100-43C6-9D72-50AECCB6CF45}"
EndProject
Global
	GlobalSection(SolutionConfigurationPlatforms) = preSolution
		Debug|Any CPU = Debug|Any CPU
		Release|Any CPU = Release|Any CPU
	EndGlobalSection
	GlobalSection(ProjectConfigurationPlatforms) = postSolution
		{A06AC6CE-CBFA-4A5F-A575-10FB640AE21B}.Debug|Any CPU.ActiveCfg = Debug|Any CPU
		{A06AC6CE-CBFA-4A5F-A575-10FB640AE21B}.Debug|Any CPU.Build.0 = Debug|Any CPU
		{A06AC6CE-CBFA-4A5F-A575-10FB640AE21B}.Release|Any CPU.ActiveCfg = Release|Any CPU
		{A06AC6CE-CBFA-4A5F-A575-10FB640AE21B}.Release|Any CPU.Build.0 = Release|Any CPU
		{1BA374C1-6100-43C6-9D72-50AECCB6CF45}.Debug|Any CPU.ActiveCfg = Debug|Any CPU
		{1BA374C1-6100-43C6-9D72-50AECCB6CF45}.Debug|Any CPU.Build.0 = Debug|Any CPU
		{1BA374C1-6100-43C6-9D72-50AECCB6CF45}.Release|Any CPU.ActiveCfg = Release|Any CPU
		{1BA374C1-6100-43C6-9D72-50AECCB6CF45}.Release|Any CPU.Build.0 = Release|Any CPU
	EndGlobalSection
	GlobalSection(SolutionProperties) = preSolution
		HideSolutionNode = FALSE
	EndGlobalSection
	GlobalSection(ExtensibilityGlobals) = postSolution
		SolutionGuid = {82FBA5F0-557B-47EF-9675-E3F53E72BFCE}
	EndGlobalSection
EndGlobal
